// !$*UTF8*$!
{
	archiveVersion = 1;
	classes = {
	};
	objectVersion = 46;
	objects = {

/* Begin PBXBuildFile section */
		430305A21A64A44D0091165C /* galleryViewController.swift in Sources */ = {isa = PBXBuildFile; fileRef = 430305A11A64A44D0091165C /* galleryViewController.swift */; };
		430B0A511A6B6BD9000E14BE /* Localizable.strings in Resources */ = {isa = PBXBuildFile; fileRef = 430B0A531A6B6BD9000E14BE /* Localizable.strings */; };
		431637B11A6718A0003B498F /* photosViewController.swift in Sources */ = {isa = PBXBuildFile; fileRef = 431637B01A6718A0003B498F /* photosViewController.swift */; };
		436B79721A6892610069F9BF /* image0.jpeg in Resources */ = {isa = PBXBuildFile; fileRef = 436B79641A6892610069F9BF /* image0.jpeg */; };
		436B79731A6892610069F9BF /* image1.jpeg in Resources */ = {isa = PBXBuildFile; fileRef = 436B79651A6892610069F9BF /* image1.jpeg */; };
		436B79741A6892610069F9BF /* image2.jpeg in Resources */ = {isa = PBXBuildFile; fileRef = 436B79661A6892610069F9BF /* image2.jpeg */; };
		436B79751A6892610069F9BF /* image3.jpeg in Resources */ = {isa = PBXBuildFile; fileRef = 436B79671A6892610069F9BF /* image3.jpeg */; };
		436B79761A6892610069F9BF /* image4.jpeg in Resources */ = {isa = PBXBuildFile; fileRef = 436B79681A6892610069F9BF /* image4.jpeg */; };
		436B79771A6892610069F9BF /* image5.jpeg in Resources */ = {isa = PBXBuildFile; fileRef = 436B79691A6892610069F9BF /* image5.jpeg */; };
		436B79781A6892610069F9BF /* image6.jpeg in Resources */ = {isa = PBXBuildFile; fileRef = 436B796A1A6892610069F9BF /* image6.jpeg */; };
		436B79791A6892610069F9BF /* image7.jpeg in Resources */ = {isa = PBXBuildFile; fileRef = 436B796B1A6892610069F9BF /* image7.jpeg */; };
		436B797A1A6892610069F9BF /* image8.jpeg in Resources */ = {isa = PBXBuildFile; fileRef = 436B796C1A6892610069F9BF /* image8.jpeg */; };
		436B797B1A6892610069F9BF /* image9.jpeg in Resources */ = {isa = PBXBuildFile; fileRef = 436B796D1A6892610069F9BF /* image9.jpeg */; };
		436B797C1A6892610069F9BF /* image10.jpg in Resources */ = {isa = PBXBuildFile; fileRef = 436B796E1A6892610069F9BF /* image10.jpg */; };
		436B797D1A6892610069F9BF /* image11.jpg in Resources */ = {isa = PBXBuildFile; fileRef = 436B796F1A6892610069F9BF /* image11.jpg */; };
		436B797E1A6892610069F9BF /* image12.jpg in Resources */ = {isa = PBXBuildFile; fileRef = 436B79701A6892610069F9BF /* image12.jpg */; };
		436B797F1A6892610069F9BF /* image13.jpg in Resources */ = {isa = PBXBuildFile; fileRef = 436B79711A6892610069F9BF /* image13.jpg */; };
		436B79811A6892710069F9BF /* image14.jpeg in Resources */ = {isa = PBXBuildFile; fileRef = 436B79801A6892710069F9BF /* image14.jpeg */; };
		438320851A6468EE0013CBC3 /* AppDelegate.swift in Sources */ = {isa = PBXBuildFile; fileRef = 438320841A6468EE0013CBC3 /* AppDelegate.swift */; };
		438320871A6468EE0013CBC3 /* homeViewController.swift in Sources */ = {isa = PBXBuildFile; fileRef = 438320861A6468EE0013CBC3 /* homeViewController.swift */; };
		4383208A1A6468EE0013CBC3 /* Main.storyboard in Resources */ = {isa = PBXBuildFile; fileRef = 438320881A6468EE0013CBC3 /* Main.storyboard */; };
		4383208C1A6468EE0013CBC3 /* Images.xcassets in Resources */ = {isa = PBXBuildFile; fileRef = 4383208B1A6468EE0013CBC3 /* Images.xcassets */; };
		4383208F1A6468EE0013CBC3 /* LaunchScreen.xib in Resources */ = {isa = PBXBuildFile; fileRef = 4383208D1A6468EE0013CBC3 /* LaunchScreen.xib */; };
		4383209B1A6468EE0013CBC3 /* PicFilterTests.swift in Sources */ = {isa = PBXBuildFile; fileRef = 4383209A1A6468EE0013CBC3 /* PicFilterTests.swift */; };
		43DF5C761A65F02200EAE40D /* Thumbnail.swift in Sources */ = {isa = PBXBuildFile; fileRef = 43DF5C751A65F02200EAE40D /* Thumbnail.swift */; };
		43EAD9071A6833950070FDFE /* initimage.png in Resources */ = {isa = PBXBuildFile; fileRef = 43EAD9061A6833950070FDFE /* initimage.png */; };
		43F0A1091A649F0D00AFDF1D /* GalleryCell.swift in Sources */ = {isa = PBXBuildFile; fileRef = 43F0A1081A649F0D00AFDF1D /* GalleryCell.swift */; };
/* End PBXBuildFile section */

/* Begin PBXContainerItemProxy section */
		438320951A6468EE0013CBC3 /* PBXContainerItemProxy */ = {
			isa = PBXContainerItemProxy;
			containerPortal = 438320771A6468EE0013CBC3 /* Project object */;
			proxyType = 1;
			remoteGlobalIDString = 4383207E1A6468EE0013CBC3;
			remoteInfo = PicFilter;
		};
/* End PBXContainerItemProxy section */

/* Begin PBXFileReference section */
		430305A11A64A44D0091165C /* galleryViewController.swift */ = {isa = PBXFileReference; fileEncoding = 4; lastKnownFileType = sourcecode.swift; name = galleryViewController.swift; path = ../galleryViewController.swift; sourceTree = "<group>"; };
		430B0A4D1A6B682E000E14BE /* th-TH */ = {isa = PBXFileReference; lastKnownFileType = text.plist.strings; name = "th-TH"; path = "th-TH.lproj/LaunchScreen.strings"; sourceTree = "<group>"; };
		430B0A4E1A6B682E000E14BE /* th-TH */ = {isa = PBXFileReference; lastKnownFileType = text.plist.strings; name = "th-TH"; path = "th-TH.lproj/Main.strings"; sourceTree = "<group>"; };
		430B0A541A6B6BE3000E14BE /* en */ = {isa = PBXFileReference; lastKnownFileType = text.plist.strings; name = en; path = en.lproj/Localizable.strings; sourceTree = "<group>"; };
		430B0A551A6B6BF2000E14BE /* th-TH */ = {isa = PBXFileReference; lastKnownFileType = text.plist.strings; name = "th-TH"; path = "th-TH.lproj/Localizable.strings"; sourceTree = "<group>"; };
		431637B01A6718A0003B498F /* photosViewController.swift */ = {isa = PBXFileReference; fileEncoding = 4; lastKnownFileType = sourcecode.swift; path = photosViewController.swift; sourceTree = "<group>"; };
		436B79641A6892610069F9BF /* image0.jpeg */ = {isa = PBXFileReference; lastKnownFileType = image.jpeg; name = image0.jpeg; path = ../../../imagesweek2/image0.jpeg; sourceTree = "<group>"; };
		436B79651A6892610069F9BF /* image1.jpeg */ = {isa = PBXFileReference; lastKnownFileType = image.jpeg; name = image1.jpeg; path = ../../../imagesweek2/image1.jpeg; sourceTree = "<group>"; };
		436B79661A6892610069F9BF /* image2.jpeg */ = {isa = PBXFileReference; lastKnownFileType = image.jpeg; name = image2.jpeg; path = ../../../imagesweek2/image2.jpeg; sourceTree = "<group>"; };
		436B79671A6892610069F9BF /* image3.jpeg */ = {isa = PBXFileReference; lastKnownFileType = image.jpeg; name = image3.jpeg; path = ../../../imagesweek2/image3.jpeg; sourceTree = "<group>"; };
		436B79681A6892610069F9BF /* image4.jpeg */ = {isa = PBXFileReference; lastKnownFileType = image.jpeg; name = image4.jpeg; path = ../../../imagesweek2/image4.jpeg; sourceTree = "<group>"; };
		436B79691A6892610069F9BF /* image5.jpeg */ = {isa = PBXFileReference; lastKnownFileType = image.jpeg; name = image5.jpeg; path = ../../../imagesweek2/image5.jpeg; sourceTree = "<group>"; };
		436B796A1A6892610069F9BF /* image6.jpeg */ = {isa = PBXFileReference; lastKnownFileType = image.jpeg; name = image6.jpeg; path = ../../../imagesweek2/image6.jpeg; sourceTree = "<group>"; };
		436B796B1A6892610069F9BF /* image7.jpeg */ = {isa = PBXFileReference; lastKnownFileType = image.jpeg; name = image7.jpeg; path = ../../../imagesweek2/image7.jpeg; sourceTree = "<group>"; };
		436B796C1A6892610069F9BF /* image8.jpeg */ = {isa = PBXFileReference; lastKnownFileType = image.jpeg; name = image8.jpeg; path = ../../../imagesweek2/image8.jpeg; sourceTree = "<group>"; };
		436B796D1A6892610069F9BF /* image9.jpeg */ = {isa = PBXFileReference; lastKnownFileType = image.jpeg; name = image9.jpeg; path = ../../../imagesweek2/image9.jpeg; sourceTree = "<group>"; };
		436B796E1A6892610069F9BF /* image10.jpg */ = {isa = PBXFileReference; lastKnownFileType = image.jpeg; name = image10.jpg; path = ../../../imagesweek2/image10.jpg; sourceTree = "<group>"; };
		436B796F1A6892610069F9BF /* image11.jpg */ = {isa = PBXFileReference; lastKnownFileType = image.jpeg; name = image11.jpg; path = ../../../imagesweek2/image11.jpg; sourceTree = "<group>"; };
		436B79701A6892610069F9BF /* image12.jpg */ = {isa = PBXFileReference; lastKnownFileType = image.jpeg; name = image12.jpg; path = ../../../imagesweek2/image12.jpg; sourceTree = "<group>"; };
		436B79711A6892610069F9BF /* image13.jpg */ = {isa = PBXFileReference; lastKnownFileType = image.jpeg; name = image13.jpg; path = ../../../imagesweek2/image13.jpg; sourceTree = "<group>"; };
		436B79801A6892710069F9BF /* image14.jpeg */ = {isa = PBXFileReference; lastKnownFileType = image.jpeg; name = image14.jpeg; path = ../../../imagesweek2/image14.jpeg; sourceTree = "<group>"; };
		4383207F1A6468EE0013CBC3 /* PicFilter.app */ = {isa = PBXFileReference; explicitFileType = wrapper.application; includeInIndex = 0; path = PicFilter.app; sourceTree = BUILT_PRODUCTS_DIR; };
		438320831A6468EE0013CBC3 /* Info.plist */ = {isa = PBXFileReference; lastKnownFileType = text.plist.xml; path = Info.plist; sourceTree = "<group>"; };
		438320841A6468EE0013CBC3 /* AppDelegate.swift */ = {isa = PBXFileReference; lastKnownFileType = sourcecode.swift; path = AppDelegate.swift; sourceTree = "<group>"; };
		438320861A6468EE0013CBC3 /* homeViewController.swift */ = {isa = PBXFileReference; lastKnownFileType = sourcecode.swift; path = homeViewController.swift; sourceTree = "<group>"; };
		438320891A6468EE0013CBC3 /* Base */ = {isa = PBXFileReference; lastKnownFileType = file.storyboard; name = Base; path = Base.lproj/Main.storyboard; sourceTree = "<group>"; };
		4383208B1A6468EE0013CBC3 /* Images.xcassets */ = {isa = PBXFileReference; lastKnownFileType = folder.assetcatalog; path = Images.xcassets; sourceTree = "<group>"; };
		4383208E1A6468EE0013CBC3 /* Base */ = {isa = PBXFileReference; lastKnownFileType = file.xib; name = Base; path = Base.lproj/LaunchScreen.xib; sourceTree = "<group>"; };
		438320941A6468EE0013CBC3 /* PicFilterTests.xctest */ = {isa = PBXFileReference; explicitFileType = wrapper.cfbundle; includeInIndex = 0; path = PicFilterTests.xctest; sourceTree = BUILT_PRODUCTS_DIR; };
		438320991A6468EE0013CBC3 /* Info.plist */ = {isa = PBXFileReference; lastKnownFileType = text.plist.xml; path = Info.plist; sourceTree = "<group>"; };
		4383209A1A6468EE0013CBC3 /* PicFilterTests.swift */ = {isa = PBXFileReference; lastKnownFileType = sourcecode.swift; path = PicFilterTests.swift; sourceTree = "<group>"; };
		43DF5C751A65F02200EAE40D /* Thumbnail.swift */ = {isa = PBXFileReference; fileEncoding = 4; lastKnownFileType = sourcecode.swift; path = Thumbnail.swift; sourceTree = "<group>"; };
		43EAD9061A6833950070FDFE /* initimage.png */ = {isa = PBXFileReference; lastKnownFileType = image.png; name = initimage.png; path = ../../../../Downloads/initimage.png; sourceTree = "<group>"; };
		43F0A1081A649F0D00AFDF1D /* GalleryCell.swift */ = {isa = PBXFileReference; fileEncoding = 4; lastKnownFileType = sourcecode.swift; path = GalleryCell.swift; sourceTree = "<group>"; };
/* End PBXFileReference section */

/* Begin PBXFrameworksBuildPhase section */
		4383207C1A6468EE0013CBC3 /* Frameworks */ = {
			isa = PBXFrameworksBuildPhase;
			buildActionMask = 2147483647;
			files = (
			);
			runOnlyForDeploymentPostprocessing = 0;
		};
		438320911A6468EE0013CBC3 /* Frameworks */ = {
			isa = PBXFrameworksBuildPhase;
			buildActionMask = 2147483647;
			files = (
			);
			runOnlyForDeploymentPostprocessing = 0;
		};
/* End PBXFrameworksBuildPhase section */

/* Begin PBXGroup section */
		430305B91A64D3260091165C /* initialImages */ = {
			isa = PBXGroup;
			children = (
				436B79641A6892610069F9BF /* image0.jpeg */,
				436B79651A6892610069F9BF /* image1.jpeg */,
				436B79661A6892610069F9BF /* image2.jpeg */,
				436B79671A6892610069F9BF /* image3.jpeg */,
				436B79681A6892610069F9BF /* image4.jpeg */,
				436B79691A6892610069F9BF /* image5.jpeg */,
				436B796A1A6892610069F9BF /* image6.jpeg */,
				436B796B1A6892610069F9BF /* image7.jpeg */,
				436B79801A6892710069F9BF /* image14.jpeg */,
				436B796C1A6892610069F9BF /* image8.jpeg */,
				436B796D1A6892610069F9BF /* image9.jpeg */,
				436B796E1A6892610069F9BF /* image10.jpg */,
				436B796F1A6892610069F9BF /* image11.jpg */,
				436B79701A6892610069F9BF /* image12.jpg */,
				436B79711A6892610069F9BF /* image13.jpg */,
				43EAD9061A6833950070FDFE /* initimage.png */,
			);
			name = initialImages;
			sourceTree = "<group>";
		};
		438320761A6468EE0013CBC3 = {
			isa = PBXGroup;
			children = (
				438320811A6468EE0013CBC3 /* PicFilter */,
				438320971A6468EE0013CBC3 /* PicFilterTests */,
				438320801A6468EE0013CBC3 /* Products */,
			);
			sourceTree = "<group>";
		};
		438320801A6468EE0013CBC3 /* Products */ = {
			isa = PBXGroup;
			children = (
				4383207F1A6468EE0013CBC3 /* PicFilter.app */,
				438320941A6468EE0013CBC3 /* PicFilterTests.xctest */,
			);
			name = Products;
			sourceTree = "<group>";
		};
		438320811A6468EE0013CBC3 /* PicFilter */ = {
			isa = PBXGroup;
			children = (
				438320841A6468EE0013CBC3 /* AppDelegate.swift */,
				43F0A1051A648DEE00AFDF1D /* Controller */,
				43F0A1041A648DE800AFDF1D /* View */,
				43F0A1031A648DE100AFDF1D /* Model */,
				4383208B1A6468EE0013CBC3 /* Images.xcassets */,
				438320821A6468EE0013CBC3 /* Supporting Files */,
			);
			path = PicFilter;
			sourceTree = "<group>";
		};
		438320821A6468EE0013CBC3 /* Supporting Files */ = {
			isa = PBXGroup;
			children = (
				438320831A6468EE0013CBC3 /* Info.plist */,
			);
			name = "Supporting Files";
			sourceTree = "<group>";
		};
		438320971A6468EE0013CBC3 /* PicFilterTests */ = {
			isa = PBXGroup;
			children = (
				4383209A1A6468EE0013CBC3 /* PicFilterTests.swift */,
				438320981A6468EE0013CBC3 /* Supporting Files */,
			);
			path = PicFilterTests;
			sourceTree = "<group>";
		};
		438320981A6468EE0013CBC3 /* Supporting Files */ = {
			isa = PBXGroup;
			children = (
				438320991A6468EE0013CBC3 /* Info.plist */,
			);
			name = "Supporting Files";
			sourceTree = "<group>";
		};
		43F0A1031A648DE100AFDF1D /* Model */ = {
			isa = PBXGroup;
			children = (
				43DF5C751A65F02200EAE40D /* Thumbnail.swift */,
			);
			name = Model;
			sourceTree = "<group>";
		};
		43F0A1041A648DE800AFDF1D /* View */ = {
			isa = PBXGroup;
			children = (
				430305B91A64D3260091165C /* initialImages */,
				4383208D1A6468EE0013CBC3 /* LaunchScreen.xib */,
				43F0A1081A649F0D00AFDF1D /* GalleryCell.swift */,
				430B0A531A6B6BD9000E14BE /* Localizable.strings */,
				438320881A6468EE0013CBC3 /* Main.storyboard */,
			);
			name = View;
			sourceTree = "<group>";
		};
		43F0A1051A648DEE00AFDF1D /* Controller */ = {
			isa = PBXGroup;
			children = (
				438320861A6468EE0013CBC3 /* homeViewController.swift */,
				430305A11A64A44D0091165C /* galleryViewController.swift */,
				431637B01A6718A0003B498F /* photosViewController.swift */,
			);
			name = Controller;
			sourceTree = "<group>";
		};
/* End PBXGroup section */

/* Begin PBXNativeTarget section */
		4383207E1A6468EE0013CBC3 /* PicFilter */ = {
			isa = PBXNativeTarget;
			buildConfigurationList = 4383209E1A6468EE0013CBC3 /* Build configuration list for PBXNativeTarget "PicFilter" */;
			buildPhases = (
				4383207B1A6468EE0013CBC3 /* Sources */,
				4383207C1A6468EE0013CBC3 /* Frameworks */,
				4383207D1A6468EE0013CBC3 /* Resources */,
			);
			buildRules = (
			);
			dependencies = (
			);
			name = PicFilter;
			productName = PicFilter;
			productReference = 4383207F1A6468EE0013CBC3 /* PicFilter.app */;
			productType = "com.apple.product-type.application";
		};
		438320931A6468EE0013CBC3 /* PicFilterTests */ = {
			isa = PBXNativeTarget;
			buildConfigurationList = 438320A11A6468EE0013CBC3 /* Build configuration list for PBXNativeTarget "PicFilterTests" */;
			buildPhases = (
				438320901A6468EE0013CBC3 /* Sources */,
				438320911A6468EE0013CBC3 /* Frameworks */,
				438320921A6468EE0013CBC3 /* Resources */,
			);
			buildRules = (
			);
			dependencies = (
				438320961A6468EE0013CBC3 /* PBXTargetDependency */,
			);
			name = PicFilterTests;
			productName = PicFilterTests;
			productReference = 438320941A6468EE0013CBC3 /* PicFilterTests.xctest */;
			productType = "com.apple.product-type.bundle.unit-test";
		};
/* End PBXNativeTarget section */

/* Begin PBXProject section */
		438320771A6468EE0013CBC3 /* Project object */ = {
			isa = PBXProject;
			attributes = {
				LastUpgradeCheck = 0610;
				ORGANIZATIONNAME = "Josh Kahl";
				TargetAttributes = {
					4383207E1A6468EE0013CBC3 = {
						CreatedOnToolsVersion = 6.1.1;
						DevelopmentTeam = RPZ9M4VS48;
					};
					438320931A6468EE0013CBC3 = {
						CreatedOnToolsVersion = 6.1.1;
						TestTargetID = 4383207E1A6468EE0013CBC3;
					};
				};
			};
			buildConfigurationList = 4383207A1A6468EE0013CBC3 /* Build configuration list for PBXProject "PicFilter" */;
			compatibilityVersion = "Xcode 3.2";
			developmentRegion = English;
			hasScannedForEncodings = 0;
			knownRegions = (
				en,
				Base,
				"th-TH",
			);
			mainGroup = 438320761A6468EE0013CBC3;
			productRefGroup = 438320801A6468EE0013CBC3 /* Products */;
			projectDirPath = "";
			projectRoot = "";
			targets = (
				4383207E1A6468EE0013CBC3 /* PicFilter */,
				438320931A6468EE0013CBC3 /* PicFilterTests */,
			);
		};
/* End PBXProject section */

/* Begin PBXResourcesBuildPhase section */
		4383207D1A6468EE0013CBC3 /* Resources */ = {
			isa = PBXResourcesBuildPhase;
			buildActionMask = 2147483647;
			files = (
				436B79781A6892610069F9BF /* image6.jpeg in Resources */,
				436B797B1A6892610069F9BF /* image9.jpeg in Resources */,
				436B79721A6892610069F9BF /* image0.jpeg in Resources */,
				436B79741A6892610069F9BF /* image2.jpeg in Resources */,
				436B79761A6892610069F9BF /* image4.jpeg in Resources */,
				430B0A511A6B6BD9000E14BE /* Localizable.strings in Resources */,
				4383208A1A6468EE0013CBC3 /* Main.storyboard in Resources */,
				436B797A1A6892610069F9BF /* image8.jpeg in Resources */,
				436B79791A6892610069F9BF /* image7.jpeg in Resources */,
				436B797C1A6892610069F9BF /* image10.jpg in Resources */,
				4383208F1A6468EE0013CBC3 /* LaunchScreen.xib in Resources */,
				436B79811A6892710069F9BF /* image14.jpeg in Resources */,
				436B79771A6892610069F9BF /* image5.jpeg in Resources */,
				436B797F1A6892610069F9BF /* image13.jpg in Resources */,
				43EAD9071A6833950070FDFE /* initimage.png in Resources */,
				436B79751A6892610069F9BF /* image3.jpeg in Resources */,
				4383208C1A6468EE0013CBC3 /* Images.xcassets in Resources */,
				436B79731A6892610069F9BF /* image1.jpeg in Resources */,
				436B797D1A6892610069F9BF /* image11.jpg in Resources */,
				436B797E1A6892610069F9BF /* image12.jpg in Resources */,
			);
			runOnlyForDeploymentPostprocessing = 0;
		};
		438320921A6468EE0013CBC3 /* Resources */ = {
			isa = PBXResourcesBuildPhase;
			buildActionMask = 2147483647;
			files = (
			);
			runOnlyForDeploymentPostprocessing = 0;
		};
/* End PBXResourcesBuildPhase section */

/* Begin PBXSourcesBuildPhase section */
		4383207B1A6468EE0013CBC3 /* Sources */ = {
			isa = PBXSourcesBuildPhase;
			buildActionMask = 2147483647;
			files = (
				43F0A1091A649F0D00AFDF1D /* GalleryCell.swift in Sources */,
				430305A21A64A44D0091165C /* galleryViewController.swift in Sources */,
				438320871A6468EE0013CBC3 /* homeViewController.swift in Sources */,
				43DF5C761A65F02200EAE40D /* Thumbnail.swift in Sources */,
				438320851A6468EE0013CBC3 /* AppDelegate.swift in Sources */,
				431637B11A6718A0003B498F /* photosViewController.swift in Sources */,
			);
			runOnlyForDeploymentPostprocessing = 0;
		};
		438320901A6468EE0013CBC3 /* Sources */ = {
			isa = PBXSourcesBuildPhase;
			buildActionMask = 2147483647;
			files = (
				4383209B1A6468EE0013CBC3 /* PicFilterTests.swift in Sources */,
			);
			runOnlyForDeploymentPostprocessing = 0;
		};
/* End PBXSourcesBuildPhase section */

/* Begin PBXTargetDependency section */
		438320961A6468EE0013CBC3 /* PBXTargetDependency */ = {
			isa = PBXTargetDependency;
			target = 4383207E1A6468EE0013CBC3 /* PicFilter */;
			targetProxy = 438320951A6468EE0013CBC3 /* PBXContainerItemProxy */;
		};
/* End PBXTargetDependency section */

/* Begin PBXVariantGroup section */
		430B0A531A6B6BD9000E14BE /* Localizable.strings */ = {
			isa = PBXVariantGroup;
			children = (
				430B0A541A6B6BE3000E14BE /* en */,
				430B0A551A6B6BF2000E14BE /* th-TH */,
			);
			name = Localizable.strings;
			sourceTree = "<group>";
		};
		438320881A6468EE0013CBC3 /* Main.storyboard */ = {
			isa = PBXVariantGroup;
			children = (
				438320891A6468EE0013CBC3 /* Base */,
				430B0A4E1A6B682E000E14BE /* th-TH */,
			);
			name = Main.storyboard;
			sourceTree = "<group>";
		};
		4383208D1A6468EE0013CBC3 /* LaunchScreen.xib */ = {
			isa = PBXVariantGroup;
			children = (
				4383208E1A6468EE0013CBC3 /* Base */,
				430B0A4D1A6B682E000E14BE /* th-TH */,
			);
			name = LaunchScreen.xib;
			sourceTree = "<group>";
		};
/* End PBXVariantGroup section */

/* Begin XCBuildConfiguration section */
		4383209C1A6468EE0013CBC3 /* Debug */ = {
			isa = XCBuildConfiguration;
			buildSettings = {
				ALWAYS_SEARCH_USER_PATHS = NO;
				CLANG_CXX_LANGUAGE_STANDARD = "gnu++0x";
				CLANG_CXX_LIBRARY = "libc++";
				CLANG_ENABLE_MODULES = YES;
				CLANG_ENABLE_OBJC_ARC = YES;
				CLANG_WARN_BOOL_CONVERSION = YES;
				CLANG_WARN_CONSTANT_CONVERSION = YES;
				CLANG_WARN_DIRECT_OBJC_ISA_USAGE = YES_ERROR;
				CLANG_WARN_EMPTY_BODY = YES;
				CLANG_WARN_ENUM_CONVERSION = YES;
				CLANG_WARN_INT_CONVERSION = YES;
				CLANG_WARN_OBJC_ROOT_CLASS = YES_ERROR;
				CLANG_WARN_UNREACHABLE_CODE = YES;
				CLANG_WARN__DUPLICATE_METHOD_MATCH = YES;
				"CODE_SIGN_IDENTITY[sdk=iphoneos*]" = "iPhone Developer";
				COPY_PHASE_STRIP = NO;
				ENABLE_STRICT_OBJC_MSGSEND = YES;
				GCC_C_LANGUAGE_STANDARD = gnu99;
				GCC_DYNAMIC_NO_PIC = NO;
				GCC_OPTIMIZATION_LEVEL = 0;
				GCC_PREPROCESSOR_DEFINITIONS = (
					"DEBUG=1",
					"$(inherited)",
				);
				GCC_SYMBOLS_PRIVATE_EXTERN = NO;
				GCC_WARN_64_TO_32_BIT_CONVERSION = YES;
				GCC_WARN_ABOUT_RETURN_TYPE = YES_ERROR;
				GCC_WARN_UNDECLARED_SELECTOR = YES;
				GCC_WARN_UNINITIALIZED_AUTOS = YES_AGGRESSIVE;
				GCC_WARN_UNUSED_FUNCTION = YES;
				GCC_WARN_UNUSED_VARIABLE = YES;
				IPHONEOS_DEPLOYMENT_TARGET = 8.1;
				MTL_ENABLE_DEBUG_INFO = YES;
				ONLY_ACTIVE_ARCH = YES;
				SDKROOT = iphoneos;
				SWIFT_OPTIMIZATION_LEVEL = "-Onone";
				TARGETED_DEVICE_FAMILY = "1,2";
			};
			name = Debug;
		};
		4383209D1A6468EE0013CBC3 /* Release */ = {
			isa = XCBuildConfiguration;
			buildSettings = {
				ALWAYS_SEARCH_USER_PATHS = NO;
				CLANG_CXX_LANGUAGE_STANDARD = "gnu++0x";
				CLANG_CXX_LIBRARY = "libc++";
				CLANG_ENABLE_MODULES = YES;
				CLANG_ENABLE_OBJC_ARC = YES;
				CLANG_WARN_BOOL_CONVERSION = YES;
				CLANG_WARN_CONSTANT_CONVERSION = YES;
				CLANG_WARN_DIRECT_OBJC_ISA_USAGE = YES_ERROR;
				CLANG_WARN_EMPTY_BODY = YES;
				CLANG_WARN_ENUM_CONVERSION = YES;
				CLANG_WARN_INT_CONVERSION = YES;
				CLANG_WARN_OBJC_ROOT_CLASS = YES_ERROR;
				CLANG_WARN_UNREACHABLE_CODE = YES;
				CLANG_WARN__DUPLICATE_METHOD_MATCH = YES;
				"CODE_SIGN_IDENTITY[sdk=iphoneos*]" = "iPhone Developer";
				COPY_PHASE_STRIP = YES;
				ENABLE_NS_ASSERTIONS = NO;
				ENABLE_STRICT_OBJC_MSGSEND = YES;
				GCC_C_LANGUAGE_STANDARD = gnu99;
				GCC_WARN_64_TO_32_BIT_CONVERSION = YES;
				GCC_WARN_ABOUT_RETURN_TYPE = YES_ERROR;
				GCC_WARN_UNDECLARED_SELECTOR = YES;
				GCC_WARN_UNINITIALIZED_AUTOS = YES_AGGRESSIVE;
				GCC_WARN_UNUSED_FUNCTION = YES;
				GCC_WARN_UNUSED_VARIABLE = YES;
				IPHONEOS_DEPLOYMENT_TARGET = 8.1;
				MTL_ENABLE_DEBUG_INFO = NO;
				SDKROOT = iphoneos;
				TARGETED_DEVICE_FAMILY = "1,2";
				VALIDATE_PRODUCT = YES;
			};
			name = Release;
		};
		4383209F1A6468EE0013CBC3 /* Debug */ = {
			isa = XCBuildConfiguration;
			buildSettings = {
				ASSETCATALOG_COMPILER_APPICON_NAME = AppIcon;
				INFOPLIST_FILE = PicFilter/Info.plist;
				LD_RUNPATH_SEARCH_PATHS = "$(inherited) @executable_path/Frameworks";
				PRODUCT_NAME = "$(TARGET_NAME)";
			};
			name = Debug;
		};
		438320A01A6468EE0013CBC3 /* Release */ = {
			isa = XCBuildConfiguration;
			buildSettings = {
				ASSETCATALOG_COMPILER_APPICON_NAME = AppIcon;
				INFOPLIST_FILE = PicFilter/Info.plist;
				LD_RUNPATH_SEARCH_PATHS = "$(inherited) @executable_path/Frameworks";
				PRODUCT_NAME = "$(TARGET_NAME)";
			};
			name = Release;
		};
		438320A21A6468EE0013CBC3 /* Debug */ = {
			isa = XCBuildConfiguration;
			buildSettings = {
				BUNDLE_LOADER = "$(TEST_HOST)";
				FRAMEWORK_SEARCH_PATHS = (
					"$(SDKROOT)/Developer/Library/Frameworks",
					"$(inherited)",
				);
				GCC_PREPROCESSOR_DEFINITIONS = (
					"DEBUG=1",
					"$(inherited)",
				);
				INFOPLIST_FILE = PicFilterTests/Info.plist;
				LD_RUNPATH_SEARCH_PATHS = "$(inherited) @executable_path/Frameworks @loader_path/Frameworks";
				PRODUCT_NAME = "$(TARGET_NAME)";
				TEST_HOST = "$(BUILT_PRODUCTS_DIR)/PicFilter.app/PicFilter";
			};
			name = Debug;
		};
		438320A31A6468EE0013CBC3 /* Release */ = {
			isa = XCBuildConfiguration;
			buildSettings = {
				BUNDLE_LOADER = "$(TEST_HOST)";
				FRAMEWORK_SEARCH_PATHS = (
					"$(SDKROOT)/Developer/Library/Frameworks",
					"$(inherited)",
				);
				INFOPLIST_FILE = PicFilterTests/Info.plist;
				LD_RUNPATH_SEARCH_PATHS = "$(inherited) @executable_path/Frameworks @loader_path/Frameworks";
				PRODUCT_NAME = "$(TARGET_NAME)";
				TEST_HOST = "$(BUILT_PRODUCTS_DIR)/PicFilter.app/PicFilter";
			};
			name = Release;
		};
/* End XCBuildConfiguration section */

/* Begin XCConfigurationList section */
		4383207A1A6468EE0013CBC3 /* Build configuration list for PBXProject "PicFilter" */ = {
			isa = XCConfigurationList;
			buildConfigurations = (
				4383209C1A6468EE0013CBC3 /* Debug */,
				4383209D1A6468EE0013CBC3 /* Release */,
			);
			defaultConfigurationIsVisible = 0;
			defaultConfigurationName = Release;
		};
		4383209E1A6468EE0013CBC3 /* Build configuration list for PBXNativeTarget "PicFilter" */ = {
			isa = XCConfigurationList;
			buildConfigurations = (
				4383209F1A6468EE0013CBC3 /* Debug */,
				438320A01A6468EE0013CBC3 /* Release */,
			);
			defaultConfigurationIsVisible = 0;
			defaultConfigurationName = Release;
		};
		438320A11A6468EE0013CBC3 /* Build configuration list for PBXNativeTarget "PicFilterTests" */ = {
			isa = XCConfigurationList;
			buildConfigurations = (
				438320A21A6468EE0013CBC3 /* Debug */,
				438320A31A6468EE0013CBC3 /* Release */,
			);
			defaultConfigurationIsVisible = 0;
			defaultConfigurationName = Release;
		};
/* End XCConfigurationList section */
	};
	rootObject = 438320771A6468EE0013CBC3 /* Project object */;
}
